# This file was autogenerated by Stack.
# You should not edit this file by hand.
# For more information, please see the documentation at:
#   https://docs.haskellstack.org/en/stable/lock_files

packages:
- completed:
    hackage: persistent-2.14.3.0@sha256:2198d125081caabd0a4422814424fdaaa2bc24d3d778b1e2e3074c59273971e1,7340
    pantry-tree:
      sha256: a63fc72232f28e69be54ae3686b13cedfe2ef4f03efc3cb82786bbee32aaef08
      size: 6601
  original:
    hackage: persistent-2.14.3.0
- completed:
    hackage: aeson-2.0.3.0@sha256:510c59bece9c6b3d9e999674b869c765cdc3df9f9f90b6871df3e62f87b12fff,5867
    pantry-tree:
      sha256: bc95efc07f7d7837f3ab689d7af1d0dd4649296f2b54d0ab4e4d25d0cfb50d32
      size: 38191
  original:
    hackage: aeson-2.0.3.0
- completed:
    hackage: calamity-0.7.0.1@sha256:d6e796bfb06f2221ac52d9829791716f1c1d34b4dc46d4c99ed3c4f20839b7bb,6987
    pantry-tree:
      sha256: 3a463bcdf3cc05c39d3ce0ad21afff1cfccd8043d49ded02fe13b66b580609ad
      size: 7778
  original:
    hackage: calamity-0.7.0.1
- completed:
    hackage: optics-0.4.2@sha256:864b8a1370dfe8e23137901ef665ac871120b5092d15803697efda7de6362c47,7560
    pantry-tree:
      sha256: 2c9f27af3099874592e506a10b1c154f2f00e618ca47b0da11ddbb800cacca4e
      size: 1157
  original:
    hackage: optics-0.4.2
- completed:
    hackage: lens-5.2@sha256:06029d80a926c466ae7e59e7e41f114e1f437526f776d022a8d0e19a6dc14576,14519
    pantry-tree:
      sha256: 4f7471aa8889560765270704888f0294339cff4b9393e4a9f1603a655e85f28b
      size: 8214
  original:
    hackage: lens-5.2
- completed:
    hackage: di-polysemy-0.2.0.0@sha256:9da81102b7e5b2782e4f7194189cde552f042c94ac875ef8f542f6620035f885,2160
    pantry-tree:
      sha256: 103285358a5c2430e3fadd2c35ab285536c05164db1b78ed7155e9ef2e3fae42
      size: 320
  original:
    hackage: di-polysemy-0.2.0.0
- completed:
    hackage: di-1.3@sha256:8e630a6ac40f234fbd39627841d3cfd3800e2189b63c1ee01cf5290eb0138131,1129
    pantry-tree:
      sha256: 2ca42593a5e4afd8e9ce2485488e006e95a371ff7a6f9f352bbc1a7dd81de32d
      size: 301
  original:
    hackage: di-1.3
- completed:
    hackage: df1-0.4@sha256:b430ee7e0abda6ce9ef03b9fbe532a7384e6de1b4873357cc116db9f614ce398,1104
    pantry-tree:
      sha256: 1685f225d30b6291d67d96467d374b2e727d7c0877d7ea7724fd80d331130485
      size: 531
  original:
    hackage: df1-0.4
- completed:
    hackage: di-core-1.0.4@sha256:82d555c45564ef9252dd38a157030a0f10d8f9519b274bef6b16f90208eaebdf,987
    pantry-tree:
      sha256: 3eb6a887effe2fc17e0cfddef6e75a8597a20b599ccddd677d9195d04e7357a7
      size: 366
  original:
    hackage: di-core-1.0.4
- completed:
    hackage: polysemy-1.7.1.0@sha256:3ead7a332abd70b202920ed3bf2e36866de163f821e643adfdcc9d39867b8033,5977
    pantry-tree:
      sha256: 22f540602a4d5565d4d90bc6084eb4e578f1ed934917a4efd6b01f5b90f49fea
      size: 4577
  original:
    hackage: polysemy-1.7.1.0
- completed:
    hackage: polysemy-plugin-0.4.3.1@sha256:aaa0602a12b01b93cf05055b4ee0706874ad881ded905a6e01342262f60febe8,3154
    pantry-tree:
      sha256: 6f2735655a475b7c94263668fde41c2a6dcebcee2cc04b863af31389b270f291
      size: 1229
  original:
    hackage: polysemy-plugin-0.4.3.1
- completed:
    hackage: stm-2.5.1.0@sha256:2728bfed3864c4bd77cb65ffa23be35c30124fd0054b9e103460a8986aac0ea0,2308
    pantry-tree:
      sha256: 7aaec938904b73ce0ed2ee62a14205acd3534fd70ec7980a70a9f8506d0c8ddf
      size: 1392
  original:
    hackage: stm-2.5.1.0
- completed:
    hackage: text-show-3.10@sha256:eeaa34802b668cae6fc38c1f52e6f78d482c73f527967ac2bfa2d3f0af60c424,17649
    pantry-tree:
      sha256: 082f193ba6acbd0b483082458cfcede9077f48c1f272f995aa7eef05b52960eb
      size: 13154
  original:
    hackage: text-show-3.10
- completed:
    hackage: generic-lens-2.2.1.0@sha256:9556581283668671a8436330676da45bb3294887d8eb00237d0bfe99a2dbfdf3,4034
    pantry-tree:
      sha256: a298147a2d67fd1a4c173bd4a3d0ee63eff63e452588a6c9b72fc6c25a1115d4
      size: 2470
  original:
    hackage: generic-lens-2.2.1.0
- completed:
    hackage: conduit-1.3.4.2@sha256:92165c9fc22f4e8c75b936b8ed4739360e8318bec2a05cd2c8c5b293d126b477,5129
    pantry-tree:
      sha256: 8f5f18d84acb44440b7de5df4a02c2954a5c25c38b86268cdccb055ed4ee5e8b
      size: 1957
  original:
    hackage: conduit-1.3.4.2
- completed:
    hackage: aeson-optics-1.2.0.1@sha256:b88e84aecef97e212c91c2af3700f617f0af033b5e7ef4bd728ecb37f8079bcb,1543
    pantry-tree:
      sha256: 8e1988d5d0c67b4241ce74c7cfc2122b5b24a2d4a496f9f2a2cb5da7b57dfd76
      size: 340
  original:
    hackage: aeson-optics-1.2.0.1@sha256:b88e84aecef97e212c91c2af3700f617f0af033b5e7ef4bd728ecb37f8079bcb,1543
- completed:
    hackage: calamity-commands-0.4.0.0@sha256:1eaf79e6b1dab1c20e554b9ce00ebe524c0890e546ffbd0ac40c42c05f5a807f,3006
    pantry-tree:
      sha256: 7c8b090c774b8fb23f3c75264ab1034aa31683fa78f6c1a1476a2812a0c8a35d
      size: 1532
  original:
    hackage: calamity-commands-0.4.0.0@sha256:1eaf79e6b1dab1c20e554b9ce00ebe524c0890e546ffbd0ac40c42c05f5a807f,3006
- completed:
    hackage: data-flags-0.0.3.4@sha256:a133f2912e0e22f03419dc89a04b1e117ff6290f1777f5b7f037f683b80ed2cf,1097
    pantry-tree:
      sha256: fabce261d22601659cc3aeab1d5bb8f918dd3f8a8b01a8b9c483a08113a2535a
      size: 383
  original:
    hackage: data-flags-0.0.3.4@sha256:a133f2912e0e22f03419dc89a04b1e117ff6290f1777f5b7f037f683b80ed2cf,1097
- completed:
    hackage: exceptions-0.10.5@sha256:b2c634a95ba2a68e0df3ae67d006f0dabb02edbe4dc77b321133551e308ca047,2832
    pantry-tree:
      sha256: 55b1a4123104e57b5e72b1c5354408807beded8a52ff1900521fed7007812715
      size: 738
  original:
    hackage: exceptions-0.10.5@sha256:b2c634a95ba2a68e0df3ae67d006f0dabb02edbe4dc77b321133551e308ca047,2832
- completed:
    hackage: typerep-map-0.5.0.0@sha256:34f1ba9b268a6d52e26ae460011a5571e8099b50a3f4a7c8db25dd8efe3be8ee,4667
    pantry-tree:
      sha256: ca5565de307d260dc67f6dae0d4d33eee42a3238183461569b5142ceb909c91d
      size: 1487
  original:
    hackage: typerep-map-0.5.0.0@sha256:34f1ba9b268a6d52e26ae460011a5571e8099b50a3f4a7c8db25dd8efe3be8ee,4667
snapshots:
- completed:
    sha256: 9a74d76d250a455d9cd11e74f157e087787fa9aa3c4264e69c94703d1e71aede
    size: 619200
    url: https://raw.githubusercontent.com/commercialhaskell/stackage-snapshots/master/lts/19/30.yaml
  original:
    url: https://raw.githubusercontent.com/commercialhaskell/stackage-snapshots/master/lts/19/30.yaml
